
Microsoft Visual Studio Solution File, Format Version 12.00
# Visual Studio Version 16
VisualStudioVersion = 16.0.30225.117
MinimumVisualStudioVersion = 10.0.40219.1
Project("{9A19103F-16F7-4668-BE54-9A1E7A4F7556}") = "Basics", "Basics\Basics.csproj", "{3BF973BE-A58A-4863-A96B-3FC28CA41390}"
EndProject
Project("{9A19103F-16F7-4668-BE54-9A1E7A4F7556}") = "IdentityExample", "IdentityExample\IdentityExample.csproj", "{0F06802F-AB46-4298-B873-0565EA4DF4D8}"
EndProject
Project("{2150E333-8FDC-42A3-9474-1A3956D46DE8}") = "basic", "basic", "{16AE8557-37FC-4364-84F6-26A453E2F2C1}"
EndProject
Project("{2150E333-8FDC-42A3-9474-1A3956D46DE8}") = "oauth", "oauth", "{D5C52101-35CF-4C1E-B015-632E11F0A9CE}"
EndProject
Project("{9A19103F-16F7-4668-BE54-9A1E7A4F7556}") = "Server", "Server\Server.csproj", "{8BD5BE73-493F-4885-ACCB-66999371030A}"
EndProject
Project("{9A19103F-16F7-4668-BE54-9A1E7A4F7556}") = "Client", "Client\Client.csproj", "{3E5490BC-C0F7-4D56-978A-1F33F6818FE3}"
EndProject
Project("{FAE04EC0-301F-11D3-BF4B-00C04F79EFBC}") = "Api", "Api\Api.csproj", "{7E8C980B-9735-4B75-B58B-7640D52F83CB}"
EndProject
Project("{FAE04EC0-301F-11D3-BF4B-00C04F79EFBC}") = "IdentityServer", "IdentityServer\IdentityServer.csproj", "{BCD61B56-7C6C-4264-A400-0DC0865FE312}"
EndProject
Project("{2150E333-8FDC-42A3-9474-1A3956D46DE8}") = "IdentityServer4", "IdentityServer4", "{C282ED0D-8B6B-49E5-8F0D-6639E26CD670}"
EndProject
Project("{FAE04EC0-301F-11D3-BF4B-00C04F79EFBC}") = "ApiOne", "ApiOne\ApiOne.csproj", "{A3C153D4-509E-43C9-BB8A-806B73DC4A5C}"
EndProject
Project("{FAE04EC0-301F-11D3-BF4B-00C04F79EFBC}") = "ApiTwo", "ApiTwo\ApiTwo.csproj", "{F8DCD8B9-E331-49FB-8F55-053F7366B977}"
EndProject
Project("{FAE04EC0-301F-11D3-BF4B-00C04F79EFBC}") = "MvcClient", "MvcClient\MvcClient.csproj", "{DC771B08-797B-404F-9070-3AD964DBF789}"
EndProject
Global
	GlobalSection(SolutionConfigurationPlatforms) = preSolution
		Debug|Any CPU = Debug|Any CPU
		Release|Any CPU = Release|Any CPU
	EndGlobalSection
	GlobalSection(ProjectConfigurationPlatforms) = postSolution
		{3BF973BE-A58A-4863-A96B-3FC28CA41390}.Debug|Any CPU.ActiveCfg = Debug|Any CPU
		{3BF973BE-A58A-4863-A96B-3FC28CA41390}.Debug|Any CPU.Build.0 = Debug|Any CPU
		{3BF973BE-A58A-4863-A96B-3FC28CA41390}.Release|Any CPU.ActiveCfg = Release|Any CPU
		{3BF973BE-A58A-4863-A96B-3FC28CA41390}.Release|Any CPU.Build.0 = Release|Any CPU
		{0F06802F-AB46-4298-B873-0565EA4DF4D8}.Debug|Any CPU.ActiveCfg = Debug|Any CPU
		{0F06802F-AB46-4298-B873-0565EA4DF4D8}.Debug|Any CPU.Build.0 = Debug|Any CPU
		{0F06802F-AB46-4298-B873-0565EA4DF4D8}.Release|Any CPU.ActiveCfg = Release|Any CPU
		{0F06802F-AB46-4298-B873-0565EA4DF4D8}.Release|Any CPU.Build.0 = Release|Any CPU
		{8BD5BE73-493F-4885-ACCB-66999371030A}.Debug|Any CPU.ActiveCfg = Debug|Any CPU
		{8BD5BE73-493F-4885-ACCB-66999371030A}.Debug|Any CPU.Build.0 = Debug|Any CPU
		{8BD5BE73-493F-4885-ACCB-66999371030A}.Release|Any CPU.ActiveCfg = Release|Any CPU
		{8BD5BE73-493F-4885-ACCB-66999371030A}.Release|Any CPU.Build.0 = Release|Any CPU
		{3E5490BC-C0F7-4D56-978A-1F33F6818FE3}.Debug|Any CPU.ActiveCfg = Debug|Any CPU
		{3E5490BC-C0F7-4D56-978A-1F33F6818FE3}.Debug|Any CPU.Build.0 = Debug|Any CPU
		{3E5490BC-C0F7-4D56-978A-1F33F6818FE3}.Release|Any CPU.ActiveCfg = Release|Any CPU
		{3E5490BC-C0F7-4D56-978A-1F33F6818FE3}.Release|Any CPU.Build.0 = Release|Any CPU
		{7E8C980B-9735-4B75-B58B-7640D52F83CB}.Debug|Any CPU.ActiveCfg = Debug|Any CPU
		{7E8C980B-9735-4B75-B58B-7640D52F83CB}.Debug|Any CPU.Build.0 = Debug|Any CPU
		{7E8C980B-9735-4B75-B58B-7640D52F83CB}.Release|Any CPU.ActiveCfg = Release|Any CPU
		{7E8C980B-9735-4B75-B58B-7640D52F83CB}.Release|Any CPU.Build.0 = Release|Any CPU
		{BCD61B56-7C6C-4264-A400-0DC0865FE312}.Debug|Any CPU.ActiveCfg = Debug|Any CPU
		{BCD61B56-7C6C-4264-A400-0DC0865FE312}.Debug|Any CPU.Build.0 = Debug|Any CPU
		{BCD61B56-7C6C-4264-A400-0DC0865FE312}.Release|Any CPU.ActiveCfg = Release|Any CPU
		{BCD61B56-7C6C-4264-A400-0DC0865FE312}.Release|Any CPU.Build.0 = Release|Any CPU
		{A3C153D4-509E-43C9-BB8A-806B73DC4A5C}.Debug|Any CPU.ActiveCfg = Debug|Any CPU
		{A3C153D4-509E-43C9-BB8A-806B73DC4A5C}.Debug|Any CPU.Build.0 = Debug|Any CPU
		{A3C153D4-509E-43C9-BB8A-806B73DC4A5C}.Release|Any CPU.ActiveCfg = Release|Any CPU
		{A3C153D4-509E-43C9-BB8A-806B73DC4A5C}.Release|Any CPU.Build.0 = Release|Any CPU
		{F8DCD8B9-E331-49FB-8F55-053F7366B977}.Debug|Any CPU.ActiveCfg = Debug|Any CPU
		{F8DCD8B9-E331-49FB-8F55-053F7366B977}.Debug|Any CPU.Build.0 = Debug|Any CPU
		{F8DCD8B9-E331-49FB-8F55-053F7366B977}.Release|Any CPU.ActiveCfg = Release|Any CPU
		{F8DCD8B9-E331-49FB-8F55-053F7366B977}.Release|Any CPU.Build.0 = Release|Any CPU
		{DC771B08-797B-404F-9070-3AD964DBF789}.Debug|Any CPU.ActiveCfg = Debug|Any CPU
		{DC771B08-797B-404F-9070-3AD964DBF789}.Debug|Any CPU.Build.0 = Debug|Any CPU
		{DC771B08-797B-404F-9070-3AD964DBF789}.Release|Any CPU.ActiveCfg = Release|Any CPU
		{DC771B08-797B-404F-9070-3AD964DBF789}.Release|Any CPU.Build.0 = Release|Any CPU
	EndGlobalSection
	GlobalSection(SolutionProperties) = preSolution
		HideSolutionNode = FALSE
	EndGlobalSection
	GlobalSection(NestedProjects) = preSolution
		{3BF973BE-A58A-4863-A96B-3FC28CA41390} = {16AE8557-37FC-4364-84F6-26A453E2F2C1}
		{0F06802F-AB46-4298-B873-0565EA4DF4D8} = {16AE8557-37FC-4364-84F6-26A453E2F2C1}
		{8BD5BE73-493F-4885-ACCB-66999371030A} = {D5C52101-35CF-4C1E-B015-632E11F0A9CE}
		{3E5490BC-C0F7-4D56-978A-1F33F6818FE3} = {D5C52101-35CF-4C1E-B015-632E11F0A9CE}
		{7E8C980B-9735-4B75-B58B-7640D52F83CB} = {D5C52101-35CF-4C1E-B015-632E11F0A9CE}
		{BCD61B56-7C6C-4264-A400-0DC0865FE312} = {C282ED0D-8B6B-49E5-8F0D-6639E26CD670}
		{A3C153D4-509E-43C9-BB8A-806B73DC4A5C} = {C282ED0D-8B6B-49E5-8F0D-6639E26CD670}
		{F8DCD8B9-E331-49FB-8F55-053F7366B977} = {C282ED0D-8B6B-49E5-8F0D-6639E26CD670}
		{DC771B08-797B-404F-9070-3AD964DBF789} = {C282ED0D-8B6B-49E5-8F0D-6639E26CD670}
	EndGlobalSection
	GlobalSection(ExtensibilityGlobals) = postSolution
		SolutionGuid = {607DF5B5-078F-4E1E-9AB2-984AAB015861}
	EndGlobalSection
EndGlobal
